
Microsoft Visual Studio Solution File, Format Version 12.00
# Visual Studio Version 17
VisualStudioVersion = 17.4.33110.190
MinimumVisualStudioVersion = 10.0.40219.1
Project("{FAE04EC0-301F-11D3-BF4B-00C04F79EFBC}") = "WebAppUserRegistrationwithValidations", "WebAppUserRegistrationwithValidations\WebAppUserRegistrationwithValidations.csproj", "{1FFF87C9-0F71-4E36-AA3D-DE5198EA5B52}"
EndProject
Global
	GlobalSection(SolutionConfigurationPlatforms) = preSolution
		Debug|Any CPU = Debug|Any CPU
		Release|Any CPU = Release|Any CPU
	EndGlobalSection
	GlobalSection(ProjectConfigurationPlatforms) = postSolution
		{1FFF87C9-0F71-4E36-AA3D-DE5198EA5B52}.Debug|Any CPU.ActiveCfg = Debug|Any CPU
		{1FFF87C9-0F71-4E36-AA3D-DE5198EA5B52}.Debug|Any CPU.Build.0 = Debug|Any CPU
		{1FFF87C9-0F71-4E36-AA3D-DE5198EA5B52}.Release|Any CPU.ActiveCfg = Release|Any CPU
		{1FFF87C9-0F71-4E36-AA3D-DE5198EA5B52}.Release|Any CPU.Build.0 = Release|Any CPU
	EndGlobalSection
	GlobalSection(SolutionProperties) = preSolution
		HideSolutionNode = FALSE
	EndGlobalSection
	GlobalSection(ExtensibilityGlobals) = postSolution
		SolutionGuid = {EC67E6B4-B6D5-4337-9304-1165895919A6}
	EndGlobalSection
EndGlobal
